lockVersion: 2.0.0
id: f4d2fca2-3c17-47ac-90ea-cc1c77c9cd10
management:
  docChecksum: c75c36a70e1c11640c68dfef640a51d8
  docVersion: "1.0"
  speakeasyVersion: internal
  generationVersion: 2.258.0
  releaseVersion: 0.7.0
  configChecksum: 68fa9ef22b9c150367a84eef047f0ce5
  repoURL: https://github.com/speakeasy-sdks/blakes-api-go.git
  repoSubDirectory: .
  installationURL: https://github.com/speakeasy-sdks/blakes-api-go
  published: true
features:
  go:
    core: 3.4.0
    globalServerURLs: 2.82.1
    unions: 2.85.3
generatedFiles:
  - apitest.go
  - go.mod
  - go.sum
  - pkg/models/sdkerrors/sdkerror.go
  - pkg/types/bigint.go
  - pkg/types/date.go
  - pkg/types/datetime.go
  - pkg/types/decimal.go
  - pkg/types/pointers.go
  - pkg/utils/contenttype.go
  - pkg/utils/form.go
  - pkg/utils/headers.go
  - pkg/utils/json.go
  - pkg/utils/pathparams.go
  - pkg/utils/queryparams.go
  - pkg/utils/requestbody.go
  - pkg/utils/retries.go
  - pkg/utils/security.go
  - pkg/utils/utils.go
  - /pkg/models/operations/patchpets.go
  - /pkg/models/shared/petbyage.go
  - /pkg/models/shared/petbytype.go
  - docs/pkg/models/operations/patchpetsresponsebody.md
  - docs/pkg/models/operations/patchpetsresponse.md
  - docs/pkg/models/shared/petbyage.md
  - docs/pkg/models/shared/pettype.md
  - docs/pkg/models/shared/petbytype.md
  - docs/sdks/apitest/README.md
  - USAGE.md
  - .gitattributes
  - internal/hooks/hooks.go
